
Microsoft Visual Studio Solution File, Format Version 12.00
# Visual Studio Version 17
VisualStudioVersion = 17.13.35931.197
MinimumVisualStudioVersion = 10.0.40219.1
Project("{FAE04EC0-301F-11D3-BF4B-00C04F79EFBC}") = "Snake_Csharp", "Snake_Csharp.csproj", "{9EA4BA89-C0FF-4F27-8F8D-0846C13E9046}"
EndProject
Global
	GlobalSection(SolutionConfigurationPlatforms) = preSolution
		Debug|Any CPU = Debug|Any CPU
		Release|Any CPU = Release|Any CPU
	EndGlobalSection
	GlobalSection(ProjectConfigurationPlatforms) = postSolution
		{9EA4BA89-C0FF-4F27-8F8D-0846C13E9046}.Debug|Any CPU.ActiveCfg = Debug|Any CPU
		{9EA4BA89-C0FF-4F27-8F8D-0846C13E9046}.Debug|Any CPU.Build.0 = Debug|Any CPU
		{9EA4BA89-C0FF-4F27-8F8D-0846C13E9046}.Release|Any CPU.ActiveCfg = Release|Any CPU
		{9EA4BA89-C0FF-4F27-8F8D-0846C13E9046}.Release|Any CPU.Build.0 = Release|Any CPU
	EndGlobalSection
	GlobalSection(SolutionProperties) = preSolution
		HideSolutionNode = FALSE
	EndGlobalSection
	GlobalSection(ExtensibilityGlobals) = postSolution
		SolutionGuid = {1D61C4EF-95E2-4C00-9032-7D089B56CC5F}
	EndGlobalSection
EndGlobal
